// !$*UTF8*$!
{
	archiveVersion = 1;
	classes = {
	};
	objectVersion = 46;
	objects = {

/* Begin PBXBuildFile section */
		43E0C14F794CA0D75DFF971E /* Pods_RGViewPagerTests.framework in Frameworks */ = {isa = PBXBuildFile; fileRef = C7AD2B177BC3D3653710B317 /* Pods_RGViewPagerTests.framework */; };
		D49504335A634490442C5C25 /* Pods_RGViewPager.framework in Frameworks */ = {isa = PBXBuildFile; fileRef = 0AEED3F820EA109E38D711E5 /* Pods_RGViewPager.framework */; };
		E309AD851A10B72500AD2EBD /* MainViewController.swift in Sources */ = {isa = PBXBuildFile; fileRef = E309AD841A10B72500AD2EBD /* MainViewController.swift */; };
		E35BD2CC1A8D511D00625A74 /* better_call_saul_bg.jpg in Resources */ = {isa = PBXBuildFile; fileRef = E35BD2AC1A8D511D00625A74 /* better_call_saul_bg.jpg */; };
		E35BD2CD1A8D511D00625A74 /* better_call_saul_poster.jpg in Resources */ = {isa = PBXBuildFile; fileRef = E35BD2AD1A8D511D00625A74 /* better_call_saul_poster.jpg */; };
		E35BD2CE1A8D511D00625A74 /* breaking_bad_bg.jpg in Resources */ = {isa = PBXBuildFile; fileRef = E35BD2AF1A8D511D00625A74 /* breaking_bad_bg.jpg */; };
		E35BD2CF1A8D511D00625A74 /* breaking_bad_poster.jpg in Resources */ = {isa = PBXBuildFile; fileRef = E35BD2B01A8D511D00625A74 /* breaking_bad_poster.jpg */; };
		E35BD2D01A8D511D00625A74 /* falling_skies_bg.jpg in Resources */ = {isa = PBXBuildFile; fileRef = E35BD2B21A8D511D00625A74 /* falling_skies_bg.jpg */; };
		E35BD2D11A8D511D00625A74 /* falling_skies_poster.jpg in Resources */ = {isa = PBXBuildFile; fileRef = E35BD2B31A8D511D00625A74 /* falling_skies_poster.jpg */; };
		E35BD2D21A8D511D00625A74 /* friends_bg.jpg in Resources */ = {isa = PBXBuildFile; fileRef = E35BD2B51A8D511D00625A74 /* friends_bg.jpg */; };
		E35BD2D31A8D511D00625A74 /* friends_poster.jpg in Resources */ = {isa = PBXBuildFile; fileRef = E35BD2B61A8D511D00625A74 /* friends_poster.jpg */; };
		E35BD2D41A8D511D00625A74 /* game_of_thrones_bg.jpg in Resources */ = {isa = PBXBuildFile; fileRef = E35BD2B81A8D511D00625A74 /* game_of_thrones_bg.jpg */; };
		E35BD2D51A8D511D00625A74 /* game_of_thrones_poster.jpg in Resources */ = {isa = PBXBuildFile; fileRef = E35BD2B91A8D511D00625A74 /* game_of_thrones_poster.jpg */; };
		E35BD2D61A8D511D00625A74 /* gotham_bg.jpg in Resources */ = {isa = PBXBuildFile; fileRef = E35BD2BB1A8D511D00625A74 /* gotham_bg.jpg */; };
		E35BD2D71A8D511D00625A74 /* gotham_poster.jpg in Resources */ = {isa = PBXBuildFile; fileRef = E35BD2BC1A8D511D00625A74 /* gotham_poster.jpg */; };
		E35BD2D81A8D511D00625A74 /* house_of_cards_bg.jpg in Resources */ = {isa = PBXBuildFile; fileRef = E35BD2BE1A8D511D00625A74 /* house_of_cards_bg.jpg */; };
		E35BD2D91A8D511D00625A74 /* house_of_cards_poster.jpg in Resources */ = {isa = PBXBuildFile; fileRef = E35BD2BF1A8D511D00625A74 /* house_of_cards_poster.jpg */; };
		E35BD2DA1A8D511D00625A74 /* how_i_met_your_mother_bg.jpg in Resources */ = {isa = PBXBuildFile; fileRef = E35BD2C11A8D511D00625A74 /* how_i_met_your_mother_bg.jpg */; };
		E35BD2DB1A8D511D00625A74 /* how_i_met_your_mother_poster.jpg in Resources */ = {isa = PBXBuildFile; fileRef = E35BD2C21A8D511D00625A74 /* how_i_met_your_mother_poster.jpg */; };
		E35BD2DC1A8D511D00625A74 /* shameless_bg.jpg in Resources */ = {isa = PBXBuildFile; fileRef = E35BD2C41A8D511D00625A74 /* shameless_bg.jpg */; };
		E35BD2DD1A8D511D00625A74 /* shameless_poster.jpg in Resources */ = {isa = PBXBuildFile; fileRef = E35BD2C51A8D511D00625A74 /* shameless_poster.jpg */; };
		E35BD2DE1A8D511D00625A74 /* the_big_bang_theory_bg.jpg in Resources */ = {isa = PBXBuildFile; fileRef = E35BD2C71A8D511D00625A74 /* the_big_bang_theory_bg.jpg */; };
		E35BD2DF1A8D511D00625A74 /* the_big_bang_theory_poster.jpg in Resources */ = {isa = PBXBuildFile; fileRef = E35BD2C81A8D511D00625A74 /* the_big_bang_theory_poster.jpg */; };
		E35BD2E01A8D511D00625A74 /* the_walking_dead_bg.jpg in Resources */ = {isa = PBXBuildFile; fileRef = E35BD2CA1A8D511D00625A74 /* the_walking_dead_bg.jpg */; };
		E35BD2E11A8D511D00625A74 /* the_walking_dead_poster.jpg in Resources */ = {isa = PBXBuildFile; fileRef = E35BD2CB1A8D511D00625A74 /* the_walking_dead_poster.jpg */; };
		E3796D921A0E3B1700F00461 /* AppDelegate.swift in Sources */ = {isa = PBXBuildFile; fileRef = E3796D911A0E3B1700F00461 /* AppDelegate.swift */; };
		E3796D961A0E3B1700F00461 /* DataViewController.swift in Sources */ = {isa = PBXBuildFile; fileRef = E3796D951A0E3B1700F00461 /* DataViewController.swift */; };
		E3796D9B1A0E3B1700F00461 /* Main.storyboard in Resources */ = {isa = PBXBuildFile; fileRef = E3796D991A0E3B1700F00461 /* Main.storyboard */; };
		E3796D9D1A0E3B1700F00461 /* Images.xcassets in Resources */ = {isa = PBXBuildFile; fileRef = E3796D9C1A0E3B1700F00461 /* Images.xcassets */; };
		E3796DA01A0E3B1700F00461 /* LaunchScreen.xib in Resources */ = {isa = PBXBuildFile; fileRef = E3796D9E1A0E3B1700F00461 /* LaunchScreen.xib */; };
		E3796DAC1A0E3B1700F00461 /* RGViewPagerTests.swift in Sources */ = {isa = PBXBuildFile; fileRef = E3796DAB1A0E3B1700F00461 /* RGViewPagerTests.swift */; };
		E3C19DC51BB2A77700020410 /* UIHelper.swift in Sources */ = {isa = PBXBuildFile; fileRef = E3C19DC41BB2A77700020410 /* UIHelper.swift */; };
/* End PBXBuildFile section */

/* Begin PBXContainerItemProxy section */
		E3796DA61A0E3B1700F00461 /* PBXContainerItemProxy */ = {
			isa = PBXContainerItemProxy;
			containerPortal = E3796D841A0E3B1600F00461 /* Project object */;
			proxyType = 1;
			remoteGlobalIDString = E3796D8B1A0E3B1700F00461;
			remoteInfo = RGViewPager;
		};
/* End PBXContainerItemProxy section */

/* Begin PBXFileReference section */
		0AEED3F820EA109E38D711E5 /* Pods_RGViewPager.framework */ = {isa = PBXFileReference; explicitFileType = wrapper.framework; includeInIndex = 0; path = Pods_RGViewPager.framework; sourceTree = BUILT_PRODUCTS_DIR; };
		357170C767C017B67A0249C0 /* Pods-RGViewPager.debug.xcconfig */ = {isa = PBXFileReference; includeInIndex = 1; lastKnownFileType = text.xcconfig; name = "Pods-RGViewPager.debug.xcconfig"; path = "Pods/Target Support Files/Pods-RGViewPager/Pods-RGViewPager.debug.xcconfig"; sourceTree = "<group>"; };
		C7AD2B177BC3D3653710B317 /* Pods_RGViewPagerTests.framework */ = {isa = PBXFileReference; explicitFileType = wrapper.framework; includeInIndex = 0; path = Pods_RGViewPagerTests.framework; sourceTree = BUILT_PRODUCTS_DIR; };
		CF4A2B2023531F3CEE1FBF82 /* Pods-RGViewPagerTests.debug.xcconfig */ = {isa = PBXFileReference; includeInIndex = 1; lastKnownFileType = text.xcconfig; name = "Pods-RGViewPagerTests.debug.xcconfig"; path = "Pods/Target Support Files/Pods-RGViewPagerTests/Pods-RGViewPagerTests.debug.xcconfig"; sourceTree = "<group>"; };
		E309AD841A10B72500AD2EBD /* MainViewController.swift */ = {isa = PBXFileReference; fileEncoding = 4; lastKnownFileType = sourcecode.swift; path = MainViewController.swift; sourceTree = "<group>"; };
		E35BD2AC1A8D511D00625A74 /* better_call_saul_bg.jpg */ = {isa = PBXFileReference; lastKnownFileType = image.jpeg; path = better_call_saul_bg.jpg; sourceTree = "<group>"; };
		E35BD2AD1A8D511D00625A74 /* better_call_saul_poster.jpg */ = {isa = PBXFileReference; lastKnownFileType = image.jpeg; path = better_call_saul_poster.jpg; sourceTree = "<group>"; };
		E35BD2AF1A8D511D00625A74 /* breaking_bad_bg.jpg */ = {isa = PBXFileReference; lastKnownFileType = image.jpeg; path = breaking_bad_bg.jpg; sourceTree = "<group>"; };
		E35BD2B01A8D511D00625A74 /* breaking_bad_poster.jpg */ = {isa = PBXFileReference; lastKnownFileType = image.jpeg; path = breaking_bad_poster.jpg; sourceTree = "<group>"; };
		E35BD2B21A8D511D00625A74 /* falling_skies_bg.jpg */ = {isa = PBXFileReference; lastKnownFileType = image.jpeg; path = falling_skies_bg.jpg; sourceTree = "<group>"; };
		E35BD2B31A8D511D00625A74 /* falling_skies_poster.jpg */ = {isa = PBXFileReference; lastKnownFileType = image.jpeg; path = falling_skies_poster.jpg; sourceTree = "<group>"; };
		E35BD2B51A8D511D00625A74 /* friends_bg.jpg */ = {isa = PBXFileReference; lastKnownFileType = image.jpeg; path = friends_bg.jpg; sourceTree = "<group>"; };
		E35BD2B61A8D511D00625A74 /* friends_poster.jpg */ = {isa = PBXFileReference; lastKnownFileType = image.jpeg; path = friends_poster.jpg; sourceTree = "<group>"; };
		E35BD2B81A8D511D00625A74 /* game_of_thrones_bg.jpg */ = {isa = PBXFileReference; lastKnownFileType = image.jpeg; path = game_of_thrones_bg.jpg; sourceTree = "<group>"; };
		E35BD2B91A8D511D00625A74 /* game_of_thrones_poster.jpg */ = {isa = PBXFileReference; lastKnownFileType = image.jpeg; path = game_of_thrones_poster.jpg; sourceTree = "<group>"; };
		E35BD2BB1A8D511D00625A74 /* gotham_bg.jpg */ = {isa = PBXFileReference; lastKnownFileType = image.jpeg; path = gotham_bg.jpg; sourceTree = "<group>"; };
		E35BD2BC1A8D511D00625A74 /* gotham_poster.jpg */ = {isa = PBXFileReference; lastKnownFileType = image.jpeg; path = gotham_poster.jpg; sourceTree = "<group>"; };
		E35BD2BE1A8D511D00625A74 /* house_of_cards_bg.jpg */ = {isa = PBXFileReference; lastKnownFileType = image.jpeg; path = house_of_cards_bg.jpg; sourceTree = "<group>"; };
		E35BD2BF1A8D511D00625A74 /* house_of_cards_poster.jpg */ = {isa = PBXFileReference; lastKnownFileType = image.jpeg; path = house_of_cards_poster.jpg; sourceTree = "<group>"; };
		E35BD2C11A8D511D00625A74 /* how_i_met_your_mother_bg.jpg */ = {isa = PBXFileReference; lastKnownFileType = image.jpeg; path = how_i_met_your_mother_bg.jpg; sourceTree = "<group>"; };
		E35BD2C21A8D511D00625A74 /* how_i_met_your_mother_poster.jpg */ = {isa = PBXFileReference; lastKnownFileType = image.jpeg; path = how_i_met_your_mother_poster.jpg; sourceTree = "<group>"; };
		E35BD2C41A8D511D00625A74 /* shameless_bg.jpg */ = {isa = PBXFileReference; lastKnownFileType = image.jpeg; path = shameless_bg.jpg; sourceTree = "<group>"; };
		E35BD2C51A8D511D00625A74 /* shameless_poster.jpg */ = {isa = PBXFileReference; lastKnownFileType = image.jpeg; path = shameless_poster.jpg; sourceTree = "<group>"; };
		E35BD2C71A8D511D00625A74 /* the_big_bang_theory_bg.jpg */ = {isa = PBXFileReference; lastKnownFileType = image.jpeg; path = the_big_bang_theory_bg.jpg; sourceTree = "<group>"; };
		E35BD2C81A8D511D00625A74 /* the_big_bang_theory_poster.jpg */ = {isa = PBXFileReference; lastKnownFileType = image.jpeg; path = the_big_bang_theory_poster.jpg; sourceTree = "<group>"; };
		E35BD2CA1A8D511D00625A74 /* the_walking_dead_bg.jpg */ = {isa = PBXFileReference; lastKnownFileType = image.jpeg; path = the_walking_dead_bg.jpg; sourceTree = "<group>"; };
		E35BD2CB1A8D511D00625A74 /* the_walking_dead_poster.jpg */ = {isa = PBXFileReference; lastKnownFileType = image.jpeg; path = the_walking_dead_poster.jpg; sourceTree = "<group>"; };
		E3796D8C1A0E3B1700F00461 /* RGViewPager.app */ = {isa = PBXFileReference; explicitFileType = wrapper.application; includeInIndex = 0; path = RGViewPager.app; sourceTree = BUILT_PRODUCTS_DIR; };
		E3796D901A0E3B1700F00461 /* Info.plist */ = {isa = PBXFileReference; lastKnownFileType = text.plist.xml; path = Info.plist; sourceTree = "<group>"; };
		E3796D911A0E3B1700F00461 /* AppDelegate.swift */ = {isa = PBXFileReference; lastKnownFileType = sourcecode.swift; path = AppDelegate.swift; sourceTree = "<group>"; };
		E3796D951A0E3B1700F00461 /* DataViewController.swift */ = {isa = PBXFileReference; lastKnownFileType = sourcecode.swift; path = DataViewController.swift; sourceTree = "<group>"; };
		E3796D9A1A0E3B1700F00461 /* Base */ = {isa = PBXFileReference; lastKnownFileType = file.storyboard; name = Base; path = Base.lproj/Main.storyboard; sourceTree = "<group>"; };
		E3796D9C1A0E3B1700F00461 /* Images.xcassets */ = {isa = PBXFileReference; lastKnownFileType = folder.assetcatalog; path = Images.xcassets; sourceTree = "<group>"; };
		E3796D9F1A0E3B1700F00461 /* Base */ = {isa = PBXFileReference; lastKnownFileType = file.xib; name = Base; path = Base.lproj/LaunchScreen.xib; sourceTree = "<group>"; };
		E3796DA51A0E3B1700F00461 /* RGViewPagerTests.xctest */ = {isa = PBXFileReference; explicitFileType = wrapper.cfbundle; includeInIndex = 0; path = RGViewPagerTests.xctest; sourceTree = BUILT_PRODUCTS_DIR; };
		E3796DAA1A0E3B1700F00461 /* Info.plist */ = {isa = PBXFileReference; lastKnownFileType = text.plist.xml; path = Info.plist; sourceTree = "<group>"; };
		E3796DAB1A0E3B1700F00461 /* RGViewPagerTests.swift */ = {isa = PBXFileReference; lastKnownFileType = sourcecode.swift; path = RGViewPagerTests.swift; sourceTree = "<group>"; };
		E3C19DC41BB2A77700020410 /* UIHelper.swift */ = {isa = PBXFileReference; fileEncoding = 4; lastKnownFileType = sourcecode.swift; path = UIHelper.swift; sourceTree = "<group>"; };
		F8BC963D9A8A5E1193014E3F /* Pods-RGViewPager.release.xcconfig */ = {isa = PBXFileReference; includeInIndex = 1; lastKnownFileType = text.xcconfig; name = "Pods-RGViewPager.release.xcconfig"; path = "Pods/Target Support Files/Pods-RGViewPager/Pods-RGViewPager.release.xcconfig"; sourceTree = "<group>"; };
		F935FC5C7D35A3329770B500 /* Pods-RGViewPagerTests.release.xcconfig */ = {isa = PBXFileReference; includeInIndex = 1; lastKnownFileType = text.xcconfig; name = "Pods-RGViewPagerTests.release.xcconfig"; path = "Pods/Target Support Files/Pods-RGViewPagerTests/Pods-RGViewPagerTests.release.xcconfig"; sourceTree = "<group>"; };
/* End PBXFileReference section */

/* Begin PBXFrameworksBuildPhase section */
		E3796D891A0E3B1700F00461 /* Frameworks */ = {
			isa = PBXFrameworksBuildPhase;
			buildActionMask = 2147483647;
			files = (
				D49504335A634490442C5C25 /* Pods_RGViewPager.framework in Frameworks */,
			);
			runOnlyForDeploymentPostprocessing = 0;
		};
		E3796DA21A0E3B1700F00461 /* Frameworks */ = {
			isa = PBXFrameworksBuildPhase;
			buildActionMask = 2147483647;
			files = (
				43E0C14F794CA0D75DFF971E /* Pods_RGViewPagerTests.framework in Frameworks */,
			);
			runOnlyForDeploymentPostprocessing = 0;
		};
/* End PBXFrameworksBuildPhase section */

/* Begin PBXGroup section */
		30718E9835B6C6EE18A27A78 /* Pods */ = {
			isa = PBXGroup;
			children = (
				357170C767C017B67A0249C0 /* Pods-RGViewPager.debug.xcconfig */,
				F8BC963D9A8A5E1193014E3F /* Pods-RGViewPager.release.xcconfig */,
				CF4A2B2023531F3CEE1FBF82 /* Pods-RGViewPagerTests.debug.xcconfig */,
				F935FC5C7D35A3329770B500 /* Pods-RGViewPagerTests.release.xcconfig */,
			);
			name = Pods;
			sourceTree = "<group>";
		};
		9FFDE070F19793B50CDE8D20 /* Frameworks */ = {
			isa = PBXGroup;
			children = (
				0AEED3F820EA109E38D711E5 /* Pods_RGViewPager.framework */,
				C7AD2B177BC3D3653710B317 /* Pods_RGViewPagerTests.framework */,
			);
			name = Frameworks;
			sourceTree = "<group>";
		};
		E35BD2AA1A8D511D00625A74 /* fanart */ = {
			isa = PBXGroup;
			children = (
				E35BD2AB1A8D511D00625A74 /* Better Call Saul */,
				E35BD2AE1A8D511D00625A74 /* Breaking Bad */,
				E35BD2B11A8D511D00625A74 /* Falling Skies */,
				E35BD2B41A8D511D00625A74 /* Friends */,
				E35BD2B71A8D511D00625A74 /* Game of Thrones */,
				E35BD2BA1A8D511D00625A74 /* Gotham */,
				E35BD2BD1A8D511D00625A74 /* House of Cards */,
				E35BD2C01A8D511D00625A74 /* How I Met Your Mother */,
				E35BD2C31A8D511D00625A74 /* Shameless */,
				E35BD2C61A8D511D00625A74 /* The Big Bang Theory */,
				E35BD2C91A8D511D00625A74 /* The Walking Dead */,
			);
			path = fanart;
			sourceTree = "<group>";
		};
		E35BD2AB1A8D511D00625A74 /* Better Call Saul */ = {
			isa = PBXGroup;
			children = (
				E35BD2AC1A8D511D00625A74 /* better_call_saul_bg.jpg */,
				E35BD2AD1A8D511D00625A74 /* better_call_saul_poster.jpg */,
			);
			path = "Better Call Saul";
			sourceTree = "<group>";
		};
		E35BD2AE1A8D511D00625A74 /* Breaking Bad */ = {
			isa = PBXGroup;
			children = (
				E35BD2AF1A8D511D00625A74 /* breaking_bad_bg.jpg */,
				E35BD2B01A8D511D00625A74 /* breaking_bad_poster.jpg */,
			);
			path = "Breaking Bad";
			sourceTree = "<group>";
		};
		E35BD2B11A8D511D00625A74 /* Falling Skies */ = {
			isa = PBXGroup;
			children = (
				E35BD2B21A8D511D00625A74 /* falling_skies_bg.jpg */,
				E35BD2B31A8D511D00625A74 /* falling_skies_poster.jpg */,
			);
			path = "Falling Skies";
			sourceTree = "<group>";
		};
		E35BD2B41A8D511D00625A74 /* Friends */ = {
			isa = PBXGroup;
			children = (
				E35BD2B51A8D511D00625A74 /* friends_bg.jpg */,
				E35BD2B61A8D511D00625A74 /* friends_poster.jpg */,
			);
			path = Friends;
			sourceTree = "<group>";
		};
		E35BD2B71A8D511D00625A74 /* Game of Thrones */ = {
			isa = PBXGroup;
			children = (
				E35BD2B81A8D511D00625A74 /* game_of_thrones_bg.jpg */,
				E35BD2B91A8D511D00625A74 /* game_of_thrones_poster.jpg */,
			);
			path = "Game of Thrones";
			sourceTree = "<group>";
		};
		E35BD2BA1A8D511D00625A74 /* Gotham */ = {
			isa = PBXGroup;
			children = (
				E35BD2BB1A8D511D00625A74 /* gotham_bg.jpg */,
				E35BD2BC1A8D511D00625A74 /* gotham_poster.jpg */,
			);
			path = Gotham;
			sourceTree = "<group>";
		};
		E35BD2BD1A8D511D00625A74 /* House of Cards */ = {
			isa = PBXGroup;
			children = (
				E35BD2BE1A8D511D00625A74 /* house_of_cards_bg.jpg */,
				E35BD2BF1A8D511D00625A74 /* house_of_cards_poster.jpg */,
			);
			path = "House of Cards";
			sourceTree = "<group>";
		};
		E35BD2C01A8D511D00625A74 /* How I Met Your Mother */ = {
			isa = PBXGroup;
			children = (
				E35BD2C11A8D511D00625A74 /* how_i_met_your_mother_bg.jpg */,
				E35BD2C21A8D511D00625A74 /* how_i_met_your_mother_poster.jpg */,
			);
			path = "How I Met Your Mother";
			sourceTree = "<group>";
		};
		E35BD2C31A8D511D00625A74 /* Shameless */ = {
			isa = PBXGroup;
			children = (
				E35BD2C41A8D511D00625A74 /* shameless_bg.jpg */,
				E35BD2C51A8D511D00625A74 /* shameless_poster.jpg */,
			);
			path = Shameless;
			sourceTree = "<group>";
		};
		E35BD2C61A8D511D00625A74 /* The Big Bang Theory */ = {
			isa = PBXGroup;
			children = (
				E35BD2C71A8D511D00625A74 /* the_big_bang_theory_bg.jpg */,
				E35BD2C81A8D511D00625A74 /* the_big_bang_theory_poster.jpg */,
			);
			path = "The Big Bang Theory";
			sourceTree = "<group>";
		};
		E35BD2C91A8D511D00625A74 /* The Walking Dead */ = {
			isa = PBXGroup;
			children = (
				E35BD2CA1A8D511D00625A74 /* the_walking_dead_bg.jpg */,
				E35BD2CB1A8D511D00625A74 /* the_walking_dead_poster.jpg */,
			);
			path = "The Walking Dead";
			sourceTree = "<group>";
		};
		E3796D831A0E3B1600F00461 = {
			isa = PBXGroup;
			children = (
				E3796D8E1A0E3B1700F00461 /* RGViewPager */,
				E3796DA81A0E3B1700F00461 /* RGViewPagerTests */,
				E3796D8D1A0E3B1700F00461 /* Products */,
				30718E9835B6C6EE18A27A78 /* Pods */,
				9FFDE070F19793B50CDE8D20 /* Frameworks */,
			);
			sourceTree = "<group>";
		};
		E3796D8D1A0E3B1700F00461 /* Products */ = {
			isa = PBXGroup;
			children = (
				E3796D8C1A0E3B1700F00461 /* RGViewPager.app */,
				E3796DA51A0E3B1700F00461 /* RGViewPagerTests.xctest */,
			);
			name = Products;
			sourceTree = "<group>";
		};
		E3796D8E1A0E3B1700F00461 /* RGViewPager */ = {
			isa = PBXGroup;
			children = (
				E3796D911A0E3B1700F00461 /* AppDelegate.swift */,
				E3796D951A0E3B1700F00461 /* DataViewController.swift */,
				E309AD841A10B72500AD2EBD /* MainViewController.swift */,
				E3796D991A0E3B1700F00461 /* Main.storyboard */,
				E3796D9E1A0E3B1700F00461 /* LaunchScreen.xib */,
				E3C19DC41BB2A77700020410 /* UIHelper.swift */,
				E3796D8F1A0E3B1700F00461 /* Supporting Files */,
			);
			path = RGViewPager;
			sourceTree = "<group>";
		};
		E3796D8F1A0E3B1700F00461 /* Supporting Files */ = {
			isa = PBXGroup;
			children = (
				E35BD2AA1A8D511D00625A74 /* fanart */,
				E3796D9C1A0E3B1700F00461 /* Images.xcassets */,
				E3796D901A0E3B1700F00461 /* Info.plist */,
			);
			name = "Supporting Files";
			sourceTree = "<group>";
		};
		E3796DA81A0E3B1700F00461 /* RGViewPagerTests */ = {
			isa = PBXGroup;
			children = (
				E3796DAB1A0E3B1700F00461 /* RGViewPagerTests.swift */,
				E3796DA91A0E3B1700F00461 /* Supporting Files */,
			);
			path = RGViewPagerTests;
			sourceTree = "<group>";
		};
		E3796DA91A0E3B1700F00461 /* Supporting Files */ = {
			isa = PBXGroup;
			children = (
				E3796DAA1A0E3B1700F00461 /* Info.plist */,
			);
			name = "Supporting Files";
			sourceTree = "<group>";
		};
/* End PBXGroup section */

/* Begin PBXNativeTarget section */
		E3796D8B1A0E3B1700F00461 /* RGViewPager */ = {
			isa = PBXNativeTarget;
			buildConfigurationList = E3796DAF1A0E3B1700F00461 /* Build configuration list for PBXNativeTarget "RGViewPager" */;
			buildPhases = (
				E97472F9FD4C93EC92A34CC7 /* [CP] Check Pods Manifest.lock */,
				E3796D881A0E3B1700F00461 /* Sources */,
				E3796D891A0E3B1700F00461 /* Frameworks */,
				E3796D8A1A0E3B1700F00461 /* Resources */,
				B97AA0DC4D9132CF0E9B2BE3 /* [CP] Embed Pods Frameworks */,
				A95DC8B9AA58389BCEBA8C56 /* [CP] Copy Pods Resources */,
			);
			buildRules = (
			);
			dependencies = (
			);
			name = RGViewPager;
			productName = RGViewPager;
			productReference = E3796D8C1A0E3B1700F00461 /* RGViewPager.app */;
			productType = "com.apple.product-type.application";
		};
		E3796DA41A0E3B1700F00461 /* RGViewPagerTests */ = {
			isa = PBXNativeTarget;
			buildConfigurationList = E3796DB21A0E3B1700F00461 /* Build configuration list for PBXNativeTarget "RGViewPagerTests" */;
			buildPhases = (
				FAE23CB7EDA716E22DDFCEDF /* [CP] Check Pods Manifest.lock */,
				E3796DA11A0E3B1700F00461 /* Sources */,
				E3796DA21A0E3B1700F00461 /* Frameworks */,
				E3796DA31A0E3B1700F00461 /* Resources */,
				51579A6BCA2953B54BFADF79 /* [CP] Embed Pods Frameworks */,
				4566F013260EBF1F02EE30E2 /* [CP] Copy Pods Resources */,
			);
			buildRules = (
			);
			dependencies = (
				E3796DA71A0E3B1700F00461 /* PBXTargetDependency */,
			);
			name = RGViewPagerTests;
			productName = RGViewPagerTests;
			productReference = E3796DA51A0E3B1700F00461 /* RGViewPagerTests.xctest */;
			productType = "com.apple.product-type.bundle.unit-test";
		};
/* End PBXNativeTarget section */

/* Begin PBXProject section */
		E3796D841A0E3B1600F00461 /* Project object */ = {
			isa = PBXProject;
			attributes = {
				LastSwiftMigration = 0700;
				LastSwiftUpdateCheck = 0700;
				LastUpgradeCheck = 0820;
				ORGANIZATIONNAME = "Ronny Gerasch";
				TargetAttributes = {
					E3796D8B1A0E3B1700F00461 = {
						CreatedOnToolsVersion = 6.1;
						LastSwiftMigration = 0820;
					};
					E3796DA41A0E3B1700F00461 = {
						CreatedOnToolsVersion = 6.1;
						LastSwiftMigration = 0820;
						TestTargetID = E3796D8B1A0E3B1700F00461;
					};
				};
			};
			buildConfigurationList = E3796D871A0E3B1600F00461 /* Build configuration list for PBXProject "RGViewPager" */;
			compatibilityVersion = "Xcode 3.2";
			developmentRegion = English;
			hasScannedForEncodings = 0;
			knownRegions = (
				en,
				Base,
			);
			mainGroup = E3796D831A0E3B1600F00461;
			productRefGroup = E3796D8D1A0E3B1700F00461 /* Products */;
			projectDirPath = "";
			projectRoot = "";
			targets = (
				E3796D8B1A0E3B1700F00461 /* RGViewPager */,
				E3796DA41A0E3B1700F00461 /* RGViewPagerTests */,
			);
		};
/* End PBXProject section */

/* Begin PBXResourcesBuildPhase section */
		E3796D8A1A0E3B1700F00461 /* Resources */ = {
			isa = PBXResourcesBuildPhase;
			buildActionMask = 2147483647;
			files = (
				E35BD2D81A8D511D00625A74 /* house_of_cards_bg.jpg in Resources */,
				E35BD2D51A8D511D00625A74 /* game_of_thrones_poster.jpg in Resources */,
				E35BD2DE1A8D511D00625A74 /* the_big_bang_theory_bg.jpg in Resources */,
				E3796D9B1A0E3B1700F00461 /* Main.storyboard in Resources */,
				E35BD2CE1A8D511D00625A74 /* breaking_bad_bg.jpg in Resources */,
				E35BD2DF1A8D511D00625A74 /* the_big_bang_theory_poster.jpg in Resources */,
				E35BD2DC1A8D511D00625A74 /* shameless_bg.jpg in Resources */,
				E35BD2D91A8D511D00625A74 /* house_of_cards_poster.jpg in Resources */,
				E35BD2E01A8D511D00625A74 /* the_walking_dead_bg.jpg in Resources */,
				E3796DA01A0E3B1700F00461 /* LaunchScreen.xib in Resources */,
				E35BD2CD1A8D511D00625A74 /* better_call_saul_poster.jpg in Resources */,
				E35BD2D31A8D511D00625A74 /* friends_poster.jpg in Resources */,
				E35BD2CF1A8D511D00625A74 /* breaking_bad_poster.jpg in Resources */,
				E35BD2D71A8D511D00625A74 /* gotham_poster.jpg in Resources */,
				E35BD2DA1A8D511D00625A74 /* how_i_met_your_mother_bg.jpg in Resources */,
				E35BD2DD1A8D511D00625A74 /* shameless_poster.jpg in Resources */,
				E35BD2D11A8D511D00625A74 /* falling_skies_poster.jpg in Resources */,
				E35BD2D21A8D511D00625A74 /* friends_bg.jpg in Resources */,
				E3796D9D1A0E3B1700F00461 /* Images.xcassets in Resources */,
				E35BD2D61A8D511D00625A74 /* gotham_bg.jpg in Resources */,
				E35BD2DB1A8D511D00625A74 /* how_i_met_your_mother_poster.jpg in Resources */,
				E35BD2D41A8D511D00625A74 /* game_of_thrones_bg.jpg in Resources */,
				E35BD2D01A8D511D00625A74 /* falling_skies_bg.jpg in Resources */,
				E35BD2CC1A8D511D00625A74 /* better_call_saul_bg.jpg in Resources */,
				E35BD2E11A8D511D00625A74 /* the_walking_dead_poster.jpg in Resources */,
			);
			runOnlyForDeploymentPostprocessing = 0;
		};
		E3796DA31A0E3B1700F00461 /* Resources */ = {
			isa = PBXResourcesBuildPhase;
			buildActionMask = 2147483647;
			files = (
			);
			runOnlyForDeploymentPostprocessing = 0;
		};
/* End PBXResourcesBuildPhase section */

/* Begin PBXShellScriptBuildPhase section */
		4566F013260EBF1F02EE30E2 /* [CP] Copy Pods Resources */ = {
			isa = PBXShellScriptBuildPhase;
			buildActionMask = 2147483647;
			files = (
			);
			inputPaths = (
			);
			name = "[CP] Copy Pods Resources";
			outputPaths = (
			);
			runOnlyForDeploymentPostprocessing = 0;
			shellPath = /bin/sh;
			shellScript = "\"${SRCROOT}/Pods/Target Support Files/Pods-RGViewPagerTests/Pods-RGViewPagerTests-resources.sh\"\n";
			showEnvVarsInLog = 0;
		};
		51579A6BCA2953B54BFADF79 /* [CP] Embed Pods Frameworks */ = {
			isa = PBXShellScriptBuildPhase;
			buildActionMask = 2147483647;
			files = (
			);
			inputPaths = (
			);
			name = "[CP] Embed Pods Frameworks";
			outputPaths = (
			);
			runOnlyForDeploymentPostprocessing = 0;
			shellPath = /bin/sh;
			shellScript = "\"${SRCROOT}/Pods/Target Support Files/Pods-RGViewPagerTests/Pods-RGViewPagerTests-frameworks.sh\"\n";
			showEnvVarsInLog = 0;
		};
		A95DC8B9AA58389BCEBA8C56 /* [CP] Copy Pods Resources */ = {
			isa = PBXShellScriptBuildPhase;
			buildActionMask = 2147483647;
			files = (
			);
			inputPaths = (
			);
			name = "[CP] Copy Pods Resources";
			outputPaths = (
			);
			runOnlyForDeploymentPostprocessing = 0;
			shellPath = /bin/sh;
			shellScript = "\"${SRCROOT}/Pods/Target Support Files/Pods-RGViewPager/Pods-RGViewPager-resources.sh\"\n";
			showEnvVarsInLog = 0;
		};
		B97AA0DC4D9132CF0E9B2BE3 /* [CP] Embed Pods Frameworks */ = {
			isa = PBXShellScriptBuildPhase;
			buildActionMask = 2147483647;
			files = (
			);
			inputPaths = (
			);
			name = "[CP] Embed Pods Frameworks";
			outputPaths = (
			);
			runOnlyForDeploymentPostprocessing = 0;
			shellPath = /bin/sh;
			shellScript = "\"${SRCROOT}/Pods/Target Support Files/Pods-RGViewPager/Pods-RGViewPager-frameworks.sh\"\n";
			showEnvVarsInLog = 0;
		};
		E97472F9FD4C93EC92A34CC7 /* [CP] Check Pods Manifest.lock */ = {
			isa = PBXShellScriptBuildPhase;
			buildActionMask = 2147483647;
			files = (
			);
			inputPaths = (
			);
			name = "[CP] Check Pods Manifest.lock";
			outputPaths = (
			);
			runOnlyForDeploymentPostprocessing = 0;
			shellPath = /bin/sh;
			shellScript = "diff \"${PODS_ROOT}/../Podfile.lock\" \"${PODS_ROOT}/Manifest.lock\" > /dev/null\nif [ $? != 0 ] ; then\n    # print error to STDERR\n    echo \"error: The sandbox is not in sync with the Podfile.lock. Run 'pod install' or update your CocoaPods installation.\" >&2\n    exit 1\nfi\n";
			showEnvVarsInLog = 0;
		};
		FAE23CB7EDA716E22DDFCEDF /* [CP] Check Pods Manifest.lock */ = {
			isa = PBXShellScriptBuildPhase;
			buildActionMask = 2147483647;
			files = (
			);
			inputPaths = (
			);
			name = "[CP] Check Pods Manifest.lock";
			outputPaths = (
			);
			runOnlyForDeploymentPostprocessing = 0;
			shellPath = /bin/sh;
			shellScript = "diff \"${PODS_ROOT}/../Podfile.lock\" \"${PODS_ROOT}/Manifest.lock\" > /dev/null\nif [ $? != 0 ] ; then\n    # print error to STDERR\n    echo \"error: The sandbox is not in sync with the Podfile.lock. Run 'pod install' or update your CocoaPods installation.\" >&2\n    exit 1\nfi\n";
			showEnvVarsInLog = 0;
		};
/* End PBXShellScriptBuildPhase section */

/* Begin PBXSourcesBuildPhase section */
		E3796D881A0E3B1700F00461 /* Sources */ = {
			isa = PBXSourcesBuildPhase;
			buildActionMask = 2147483647;
			files = (
				E309AD851A10B72500AD2EBD /* MainViewController.swift in Sources */,
				E3796D961A0E3B1700F00461 /* DataViewController.swift in Sources */,
				E3C19DC51BB2A77700020410 /* UIHelper.swift in Sources */,
				E3796D921A0E3B1700F00461 /* AppDelegate.swift in Sources */,
			);
			runOnlyForDeploymentPostprocessing = 0;
		};
		E3796DA11A0E3B1700F00461 /* Sources */ = {
			isa = PBXSourcesBuildPhase;
			buildActionMask = 2147483647;
			files = (
				E3796DAC1A0E3B1700F00461 /* RGViewPagerTests.swift in Sources */,
			);
			runOnlyForDeploymentPostprocessing = 0;
		};
/* End PBXSourcesBuildPhase section */

/* Begin PBXTargetDependency section */
		E3796DA71A0E3B1700F00461 /* PBXTargetDependency */ = {
			isa = PBXTargetDependency;
			target = E3796D8B1A0E3B1700F00461 /* RGViewPager */;
			targetProxy = E3796DA61A0E3B1700F00461 /* PBXContainerItemProxy */;
		};
/* End PBXTargetDependency section */

/* Begin PBXVariantGroup section */
		E3796D991A0E3B1700F00461 /* Main.storyboard */ = {
			isa = PBXVariantGroup;
			children = (
				E3796D9A1A0E3B1700F00461 /* Base */,
			);
			name = Main.storyboard;
			sourceTree = "<group>";
		};
		E3796D9E1A0E3B1700F00461 /* LaunchScreen.xib */ = {
			isa = PBXVariantGroup;
			children = (
				E3796D9F1A0E3B1700F00461 /* Base */,
			);
			name = LaunchScreen.xib;
			sourceTree = "<group>";
		};
/* End PBXVariantGroup section */

/* Begin XCBuildConfiguration section */
		E3796DAD1A0E3B1700F00461 /* Debug */ = {
			isa = XCBuildConfiguration;
			buildSettings = {
				ALWAYS_SEARCH_USER_PATHS = NO;
				CLANG_CXX_LANGUAGE_STANDARD = "gnu++0x";
				CLANG_CXX_LIBRARY = "libc++";
				CLANG_ENABLE_MODULES = YES;
				CLANG_ENABLE_OBJC_ARC = YES;
				CLANG_WARN_BOOL_CONVERSION = YES;
				CLANG_WARN_CONSTANT_CONVERSION = YES;
				CLANG_WARN_DIRECT_OBJC_ISA_USAGE = YES_ERROR;
				CLANG_WARN_EMPTY_BODY = YES;
				CLANG_WARN_ENUM_CONVERSION = YES;
				CLANG_WARN_INFINITE_RECURSION = YES;
				CLANG_WARN_INT_CONVERSION = YES;
				CLANG_WARN_OBJC_ROOT_CLASS = YES_ERROR;
				CLANG_WARN_SUSPICIOUS_MOVE = YES;
				CLANG_WARN_UNREACHABLE_CODE = YES;
				CLANG_WARN__DUPLICATE_METHOD_MATCH = YES;
				"CODE_SIGN_IDENTITY[sdk=iphoneos*]" = "iPhone Developer";
				COPY_PHASE_STRIP = NO;
				ENABLE_STRICT_OBJC_MSGSEND = YES;
				ENABLE_TESTABILITY = YES;
				GCC_C_LANGUAGE_STANDARD = gnu99;
				GCC_DYNAMIC_NO_PIC = NO;
				GCC_NO_COMMON_BLOCKS = YES;
				GCC_OPTIMIZATION_LEVEL = 0;
				GCC_PREPROCESSOR_DEFINITIONS = (
					"DEBUG=1",
					"$(inherited)",
				);
				GCC_SYMBOLS_PRIVATE_EXTERN = NO;
				GCC_WARN_64_TO_32_BIT_CONVERSION = YES;
				GCC_WARN_ABOUT_RETURN_TYPE = YES_ERROR;
				GCC_WARN_UNDECLARED_SELECTOR = YES;
				GCC_WARN_UNINITIALIZED_AUTOS = YES_AGGRESSIVE;
				GCC_WARN_UNUSED_FUNCTION = YES;
				GCC_WARN_UNUSED_VARIABLE = YES;
				IPHONEOS_DEPLOYMENT_TARGET = 9.0;
				MTL_ENABLE_DEBUG_INFO = YES;
				ONLY_ACTIVE_ARCH = YES;
				SDKROOT = iphoneos;
				SWIFT_OPTIMIZATION_LEVEL = "-Onone";
			};
			name = Debug;
		};
		E3796DAE1A0E3B1700F00461 /* Release */ = {
			isa = XCBuildConfiguration;
			buildSettings = {
				ALWAYS_SEARCH_USER_PATHS = NO;
				CLANG_CXX_LANGUAGE_STANDARD = "gnu++0x";
				CLANG_CXX_LIBRARY = "libc++";
				CLANG_ENABLE_MODULES = YES;
				CLANG_ENABLE_OBJC_ARC = YES;
				CLANG_WARN_BOOL_CONVERSION = YES;
				CLANG_WARN_CONSTANT_CONVERSION = YES;
				CLANG_WARN_DIRECT_OBJC_ISA_USAGE = YES_ERROR;
				CLANG_WARN_EMPTY_BODY = YES;
				CLANG_WARN_ENUM_CONVERSION = YES;
				CLANG_WARN_INFINITE_RECURSION = YES;
				CLANG_WARN_INT_CONVERSION = YES;
				CLANG_WARN_OBJC_ROOT_CLASS = YES_ERROR;
				CLANG_WARN_SUSPICIOUS_MOVE = YES;
				CLANG_WARN_UNREACHABLE_CODE = YES;
				CLANG_WARN__DUPLICATE_METHOD_MATCH = YES;
				"CODE_SIGN_IDENTITY[sdk=iphoneos*]" = "iPhone Developer";
				COPY_PHASE_STRIP = YES;
				ENABLE_NS_ASSERTIONS = NO;
				ENABLE_STRICT_OBJC_MSGSEND = YES;
				GCC_C_LANGUAGE_STANDARD = gnu99;
				GCC_NO_COMMON_BLOCKS = YES;
				GCC_WARN_64_TO_32_BIT_CONVERSION = YES;
				GCC_WARN_ABOUT_RETURN_TYPE = YES_ERROR;
				GCC_WARN_UNDECLARED_SELECTOR = YES;
				GCC_WARN_UNINITIALIZED_AUTOS = YES_AGGRESSIVE;
				GCC_WARN_UNUSED_FUNCTION = YES;
				GCC_WARN_UNUSED_VARIABLE = YES;
				IPHONEOS_DEPLOYMENT_TARGET = 9.0;
				MTL_ENABLE_DEBUG_INFO = NO;
				SDKROOT = iphoneos;
				SWIFT_OPTIMIZATION_LEVEL = "-Owholemodule";
				VALIDATE_PRODUCT = YES;
			};
			name = Release;
		};
		E3796DB01A0E3B1700F00461 /* Debug */ = {
			isa = XCBuildConfiguration;
			baseConfigurationReference = 357170C767C017B67A0249C0 /* Pods-RGViewPager.debug.xcconfig */;
			buildSettings = {
				ASSETCATALOG_COMPILER_APPICON_NAME = AppIcon;
				INFOPLIST_FILE = RGViewPager/Info.plist;
				LD_RUNPATH_SEARCH_PATHS = "$(inherited) @executable_path/Frameworks";
				PRODUCT_BUNDLE_IDENTIFIER = "ergoon.$(PRODUCT_NAME:rfc1034identifier)";
				PRODUCT_NAME = "$(TARGET_NAME)";
				SWIFT_VERSION = 3.0;
				TARGETED_DEVICE_FAMILY = "1,2";
			};
			name = Debug;
		};
		E3796DB11A0E3B1700F00461 /* Release */ = {
			isa = XCBuildConfiguration;
			baseConfigurationReference = F8BC963D9A8A5E1193014E3F /* Pods-RGViewPager.release.xcconfig */;
			buildSettings = {
				ASSETCATALOG_COMPILER_APPICON_NAME = AppIcon;
				INFOPLIST_FILE = RGViewPager/Info.plist;
				LD_RUNPATH_SEARCH_PATHS = "$(inherited) @executable_path/Frameworks";
				PRODUCT_BUNDLE_IDENTIFIER = "ergoon.$(PRODUCT_NAME:rfc1034identifier)";
				PRODUCT_NAME = "$(TARGET_NAME)";
				SWIFT_VERSION = 3.0;
				TARGETED_DEVICE_FAMILY = "1,2";
			};
			name = Release;
		};
		E3796DB31A0E3B1700F00461 /* Debug */ = {
			isa = XCBuildConfiguration;
			baseConfigurationReference = CF4A2B2023531F3CEE1FBF82 /* Pods-RGViewPagerTests.debug.xcconfig */;
			buildSettings = {
				BUNDLE_LOADER = "$(TEST_HOST)";
				FRAMEWORK_SEARCH_PATHS = (
					"$(SDKROOT)/Developer/Library/Frameworks",
					"$(inherited)",
				);
				GCC_PREPROCESSOR_DEFINITIONS = (
					"DEBUG=1",
					"$(inherited)",
				);
				INFOPLIST_FILE = RGViewPagerTests/Info.plist;
				LD_RUNPATH_SEARCH_PATHS = "$(inherited) @executable_path/Frameworks @loader_path/Frameworks";
				PRODUCT_BUNDLE_IDENTIFIER = "ergoon.$(PRODUCT_NAME:rfc1034identifier)";
				PRODUCT_NAME = "$(TARGET_NAME)";
				SWIFT_VERSION = 3.0;
				TEST_HOST = "$(BUILT_PRODUCTS_DIR)/RGViewPager.app/RGViewPager";
			};
			name = Debug;
		};
		E3796DB41A0E3B1700F00461 /* Release */ = {
			isa = XCBuildConfiguration;
			baseConfigurationReference = F935FC5C7D35A3329770B500 /* Pods-RGViewPagerTests.release.xcconfig */;
			buildSettings = {
				BUNDLE_LOADER = "$(TEST_HOST)";
				FRAMEWORK_SEARCH_PATHS = (
					"$(SDKROOT)/Developer/Library/Frameworks",
					"$(inherited)",
				);
				INFOPLIST_FILE = RGViewPagerTests/Info.plist;
				LD_RUNPATH_SEARCH_PATHS = "$(inherited) @executable_path/Frameworks @loader_path/Frameworks";
				PRODUCT_BUNDLE_IDENTIFIER = "ergoon.$(PRODUCT_NAME:rfc1034identifier)";
				PRODUCT_NAME = "$(TARGET_NAME)";
				SWIFT_VERSION = 3.0;
				TEST_HOST = "$(BUILT_PRODUCTS_DIR)/RGViewPager.app/RGViewPager";
			};
			name = Release;
		};
/* End XCBuildConfiguration section */

/* Begin XCConfigurationList section */
		E3796D871A0E3B1600F00461 /* Build configuration list for PBXProject "RGViewPager" */ = {
			isa = XCConfigurationList;
			buildConfigurations = (
				E3796DAD1A0E3B1700F00461 /* Debug */,
				E3796DAE1A0E3B1700F00461 /* Release */,
			);
			defaultConfigurationIsVisible = 0;
			defaultConfigurationName = Release;
		};
		E3796DAF1A0E3B1700F00461 /* Build configuration list for PBXNativeTarget "RGViewPager" */ = {
			isa = XCConfigurationList;
			buildConfigurations = (
				E3796DB01A0E3B1700F00461 /* Debug */,
				E3796DB11A0E3B1700F00461 /* Release */,
			);
			defaultConfigurationIsVisible = 0;
			defaultConfigurationName = Release;
		};
		E3796DB21A0E3B1700F00461 /* Build configuration list for PBXNativeTarget "RGViewPagerTests" */ = {
			isa = XCConfigurationList;
			buildConfigurations = (
				E3796DB31A0E3B1700F00461 /* Debug */,
				E3796DB41A0E3B1700F00461 /* Release */,
			);
			defaultConfigurationIsVisible = 0;
			defaultConfigurationName = Release;
		};
/* End XCConfigurationList section */
	};
	rootObject = E3796D841A0E3B1600F00461 /* Project object */;
}
